Microsoft Visual Studio Solution File, Format Version 12.00
# Visual Studio Version 16
VisualStudioVersion = 16.0.29020.237
MinimumVisualStudioVersion = 10.0.40219.1
Project("{9A19103F-16F7-4668-BE54-9A1E7A4F7556}") = "kmgiasoc.Domain", "src\kmgiasoc.Domain\kmgiasoc.Domain.csproj", "{554AD327-6DBA-4F8F-96F8-81CE7A0C863F}"
EndProject
Project("{9A19103F-16F7-4668-BE54-9A1E7A4F7556}") = "Volo.CmsKit.TestBase", "modules\Volo.CmsKit\test\Volo.CmsKit.TestBase\Volo.CmsKit.TestBase.csproj", "{16D1071F-D9E9-4DB9-8899-7A0F5880B7FF}"
EndProject
Project("{9A19103F-16F7-4668-BE54-9A1E7A4F7556}") = "Volo.CmsKit.HttpApi.Client.ConsoleTestApp", "modules\Volo.CmsKit\test\Volo.CmsKit.HttpApi.Client.ConsoleTestApp\Volo.CmsKit.HttpApi.Client.ConsoleTestApp.csproj", "{7D7356D4-ACAB-46DC-B2D0-BEB3798356C0}"
EndProject
Project("{9A19103F-16F7-4668-BE54-9A1E7A4F7556}") = "Volo.CmsKit.EntityFrameworkCore.Tests", "modules\Volo.CmsKit\test\Volo.CmsKit.EntityFrameworkCore.Tests\Volo.CmsKit.EntityFrameworkCore.Tests.csproj", "{B86839FA-40C0-42C8-A9A3-EE25A2D5447B}"
EndProject
Project("{9A19103F-16F7-4668-BE54-9A1E7A4F7556}") = "Volo.CmsKit.Domain.Tests", "modules\Volo.CmsKit\test\Volo.CmsKit.Domain.Tests\Volo.CmsKit.Domain.Tests.csproj", "{27821A4A-724A-4054-BFDC-9AEA81A4D16A}"
EndProject
Project("{9A19103F-16F7-4668-BE54-9A1E7A4F7556}") = "Volo.CmsKit.Application.Tests", "modules\Volo.CmsKit\test\Volo.CmsKit.Application.Tests\Volo.CmsKit.Application.Tests.csproj", "{702A6AA3-1D6A-4B6F-8F5C-AFEF49DD0FFF}"
EndProject
Project("{9A19103F-16F7-4668-BE54-9A1E7A4F7556}") = "Volo.CmsKit.Web", "modules\Volo.CmsKit\src\Volo.CmsKit.Web\Volo.CmsKit.Web.csproj", "{98A99C56-F976-48D6-B6D0-9501F895764C}"
EndProject
Project("{9A19103F-16F7-4668-BE54-9A1E7A4F7556}") = "Volo.CmsKit.Public.Web", "modules\Volo.CmsKit\src\Volo.CmsKit.Public.Web\Volo.CmsKit.Public.Web.csproj", "{AE3E14D2-7130-417C-9A35-39A14774841D}"
EndProject
Project("{9A19103F-16F7-4668-BE54-9A1E7A4F7556}") = "Volo.CmsKit.Public.HttpApi.Client", "modules\Volo.CmsKit\src\Volo.CmsKit.Public.HttpApi.Client\Volo.CmsKit.Public.HttpApi.Client.csproj", "{B007BE3A-3C4E-4F6E-B213-4450360F50D6}"
EndProject
Project("{9A19103F-16F7-4668-BE54-9A1E7A4F7556}") = "Volo.CmsKit.Public.HttpApi", "modules\Volo.CmsKit\src\Volo.CmsKit.Public.HttpApi\Volo.CmsKit.Public.HttpApi.csproj", "{9E4D204C-5AC0-47EA-99D2-E705C862381B}"
EndProject
Project("{9A19103F-16F7-4668-BE54-9A1E7A4F7556}") = "Volo.CmsKit.Public.Application.Contracts", "modules\Volo.CmsKit\src\Volo.CmsKit.Public.Application.Contracts\Volo.CmsKit.Public.Application.Contracts.csproj", "{289E8A2E-C830-44E1-8CB1-4E2F6ECACF2B}"
EndProject
Project("{9A19103F-16F7-4668-BE54-9A1E7A4F7556}") = "Volo.CmsKit.Public.Application", "modules\Volo.CmsKit\src\Volo.CmsKit.Public.Application\Volo.CmsKit.Public.Application.csproj", "{6700EE65-4FF1-4A37-94FF-A337778182D4}"
EndProject
Project("{9A19103F-16F7-4668-BE54-9A1E7A4F7556}") = "Volo.CmsKit.HttpApi.Client", "modules\Volo.CmsKit\src\Volo.CmsKit.HttpApi.Client\Volo.CmsKit.HttpApi.Client.csproj", "{9F5FC8B4-F412-4EE1-8A69-3D676CC25549}"
EndProject
Project("{9A19103F-16F7-4668-BE54-9A1E7A4F7556}") = "Volo.CmsKit.HttpApi", "modules\Volo.CmsKit\src\Volo.CmsKit.HttpApi\Volo.CmsKit.HttpApi.csproj", "{4A278374-D1C9-4699-9C7A-071DB12FC65F}"
EndProject
Project("{9A19103F-16F7-4668-BE54-9A1E7A4F7556}") = "Volo.CmsKit.EntityFrameworkCore", "modules\Volo.CmsKit\src\Volo.CmsKit.EntityFrameworkCore\Volo.CmsKit.EntityFrameworkCore.csproj", "{41E317BB-24BE-44B1-B9B0-817E162ABB24}"
EndProject
Project("{9A19103F-16F7-4668-BE54-9A1E7A4F7556}") = "Volo.CmsKit.Domain.Shared", "modules\Volo.CmsKit\src\Volo.CmsKit.Domain.Shared\Volo.CmsKit.Domain.Shared.csproj", "{E147925E-2A10-41DA-A4D2-4A8CFD5546AE}"
EndProject
Project("{9A19103F-16F7-4668-BE54-9A1E7A4F7556}") = "Volo.CmsKit.Domain", "modules\Volo.CmsKit\src\Volo.CmsKit.Domain\Volo.CmsKit.Domain.csproj", "{157C6A2B-F0A8-4B37-BCC3-2A2BAA0E0B90}"
EndProject
Project("{9A19103F-16F7-4668-BE54-9A1E7A4F7556}") = "Volo.CmsKit.Common.Web", "modules\Volo.CmsKit\src\Volo.CmsKit.Common.Web\Volo.CmsKit.Common.Web.csproj", "{8663BAD6-C44C-4B67-861A-434820ADDD5D}"
EndProject
Project("{9A19103F-16F7-4668-BE54-9A1E7A4F7556}") = "Volo.CmsKit.Common.HttpApi.Client", "modules\Volo.CmsKit\src\Volo.CmsKit.Common.HttpApi.Client\Volo.CmsKit.Common.HttpApi.Client.csproj", "{83657B3B-B316-4911-B5FB-233CA553F14C}"
EndProject
Project("{9A19103F-16F7-4668-BE54-9A1E7A4F7556}") = "Volo.CmsKit.Common.HttpApi", "modules\Volo.CmsKit\src\Volo.CmsKit.Common.HttpApi\Volo.CmsKit.Common.HttpApi.csproj", "{1C57023E-5F78-4A58-8D97-DC5D2E95BAA2}"
EndProject
Project("{9A19103F-16F7-4668-BE54-9A1E7A4F7556}") = "Volo.CmsKit.Common.Application.Contracts", "modules\Volo.CmsKit\src\Volo.CmsKit.Common.Application.Contracts\Volo.CmsKit.Common.Application.Contracts.csproj", "{F4A8A1DF-C64F-45C7-9D43-F8DBF4EA9A20}"
EndProject
Project("{9A19103F-16F7-4668-BE54-9A1E7A4F7556}") = "Volo.CmsKit.Common.Application", "modules\Volo.CmsKit\src\Volo.CmsKit.Common.Application\Volo.CmsKit.Common.Application.csproj", "{99A591C4-F50F-4A34-AAE6-845514D97C55}"
EndProject
Project("{9A19103F-16F7-4668-BE54-9A1E7A4F7556}") = "Volo.CmsKit.Application.Contracts", "modules\Volo.CmsKit\src\Volo.CmsKit.Application.Contracts\Volo.CmsKit.Application.Contracts.csproj", "{E664A22B-9D04-4E64-B561-6F78B1007E3B}"
EndProject
Project("{9A19103F-16F7-4668-BE54-9A1E7A4F7556}") = "Volo.CmsKit.Application", "modules\Volo.CmsKit\src\Volo.CmsKit.Application\Volo.CmsKit.Application.csproj", "{4C885420-B8A4-4C69-9314-F15C4A215AFE}"
EndProject
Project("{9A19103F-16F7-4668-BE54-9A1E7A4F7556}") = "Volo.CmsKit.Admin.Web", "modules\Volo.CmsKit\src\Volo.CmsKit.Admin.Web\Volo.CmsKit.Admin.Web.csproj", "{0CDB0B6B-05B7-4674-B85D-927E9E9E0907}"
EndProject
Project("{9A19103F-16F7-4668-BE54-9A1E7A4F7556}") = "Volo.CmsKit.Admin.HttpApi.Client", "modules\Volo.CmsKit\src\Volo.CmsKit.Admin.HttpApi.Client\Volo.CmsKit.Admin.HttpApi.Client.csproj", "{BFC5D5ED-C5E7-447C-9735-42C37A24E3F5}"
EndProject
Project("{9A19103F-16F7-4668-BE54-9A1E7A4F7556}") = "Volo.CmsKit.Admin.HttpApi", "modules\Volo.CmsKit\src\Volo.CmsKit.Admin.HttpApi\Volo.CmsKit.Admin.HttpApi.csproj", "{09C6BE99-B8EA-436F-8277-D52D57A59820}"
EndProject
Project("{9A19103F-16F7-4668-BE54-9A1E7A4F7556}") = "Volo.CmsKit.Admin.Application.Contracts", "modules\Volo.CmsKit\src\Volo.CmsKit.Admin.Application.Contracts\Volo.CmsKit.Admin.Application.Contracts.csproj", "{FD530562-DADC-400A-94DA-6940F4847BF1}"
EndProject
Project("{9A19103F-16F7-4668-BE54-9A1E7A4F7556}") = "Volo.CmsKit.Admin.Application", "modules\Volo.CmsKit\src\Volo.CmsKit.Admin.Application\Volo.CmsKit.Admin.Application.csproj", "{DDB831B3-F900-4E94-B591-DAA8AE982423}"
EndProject
Project("{2150E333-8FDC-42A3-9474-1A3956D46DE8}") = "Volo.CmsKit.Tests", "Volo.CmsKit.Tests", "{D02D35CE-4D18-415F-8F39-A7D22E58C353}"
EndProject
Project("{2150E333-8FDC-42A3-9474-1A3956D46DE8}") = "test", "test", "{2EF15641-61EB-48A3-8FAD-928F269BC72C}"
EndProject
Project("{2150E333-8FDC-42A3-9474-1A3956D46DE8}") = "Volo.CmsKit", "Volo.CmsKit", "{DB959388-6019-4A6D-8DB7-AC255AC50043}"
EndProject
Project("{2150E333-8FDC-42A3-9474-1A3956D46DE8}") = "modules", "modules", "{8C628DF4-13B8-4B05-9440-6C65345B7541}"
EndProject
Project("{9A19103F-16F7-4668-BE54-9A1E7A4F7556}") = "kmgiasoc.Application", "src\kmgiasoc.Application\kmgiasoc.Application.csproj", "{1A94A50E-06DC-43C1-80B5-B662820EC3EB}"
EndProject
Project("{9A19103F-16F7-4668-BE54-9A1E7A4F7556}") = "kmgiasoc.EntityFrameworkCore", "src\kmgiasoc.EntityFrameworkCore\kmgiasoc.EntityFrameworkCore.csproj", "{C956DD76-69C8-4A9C-83EA-D17DF83340FD}"
EndProject
Project("{9A19103F-16F7-4668-BE54-9A1E7A4F7556}") = "kmgiasoc.Web", "src\kmgiasoc.Web\kmgiasoc.Web.csproj", "{068855E8-9240-4F1A-910B-CF825794513B}"
EndProject
Project("{2150E333-8FDC-42A3-9474-1A3956D46DE8}") = "src", "src", "{CA9AC87F-097E-4F15-8393-4BC07735A5B0}"
EndProject
Project("{9A19103F-16F7-4668-BE54-9A1E7A4F7556}") = "kmgiasoc.Domain.Shared", "src\kmgiasoc.Domain.Shared\kmgiasoc.Domain.Shared.csproj", "{42F719ED-8413-4895-B5B4-5AB56079BC66}"
EndProject
Project("{9A19103F-16F7-4668-BE54-9A1E7A4F7556}") = "kmgiasoc.Application.Contracts", "src\kmgiasoc.Application.Contracts\kmgiasoc.Application.Contracts.csproj", "{520659C8-C734-4298-A3DA-B539DB9DFC0B}"
EndProject
Project("{9A19103F-16F7-4668-BE54-9A1E7A4F7556}") = "kmgiasoc.HttpApi", "src\kmgiasoc.HttpApi\kmgiasoc.HttpApi.csproj", "{4164BDF7-F527-4E85-9CE6-E3C2D7426A27}"
EndProject
Project("{9A19103F-16F7-4668-BE54-9A1E7A4F7556}") = "kmgiasoc.HttpApi.Client", "src\kmgiasoc.HttpApi.Client\kmgiasoc.HttpApi.Client.csproj", "{3B5A0094-670D-4BB1-BFDD-61B88A8773DC}"
EndProject
Project("{9A19103F-16F7-4668-BE54-9A1E7A4F7556}") = "kmgiasoc.DbMigrator", "src\kmgiasoc.DbMigrator\kmgiasoc.DbMigrator.csproj", "{AA94D832-1CCC-4715-95A9-A483F23A1A5D}"
EndProject
Project("{9A19103F-16F7-4668-BE54-9A1E7A4F7556}") = "Volo.Abp.AspNetCore.Mvc.UI.Theme.Basic", "src\Volo.Abp.AspNetCore.Mvc.UI.Theme.Basic\Volo.Abp.AspNetCore.Mvc.UI.Theme.Basic.csproj", "{A5DED84C-F3FD-4BFA-99A9-C3642A900358}"
EndProject
Project("{2150E333-8FDC-42A3-9474-1A3956D46DE8}") = "admin", "admin", "{D8F5CB58-072F-41DC-81BF-1290D57784BD}"
EndProject
Project("{2150E333-8FDC-42A3-9474-1A3956D46DE8}") = "core", "core", "{D34B8FD0-A88E-4B21-BCB0-BA0846DDD474}"
EndProject
Project("{2150E333-8FDC-42A3-9474-1A3956D46DE8}") = "public", "public", "{6CC4A46A-7A38-4121-8A73-DA1924AF13EF}"
EndProject
Project("{2150E333-8FDC-42A3-9474-1A3956D46DE8}") = "unified", "unified", "{E69A2810-CA99-456C-8036-5D911FFB3D85}"
EndProject
Global
	GlobalSection(SolutionConfigurationPlatforms) = preSolution
		Debug|Any CPU = Debug|Any CPU
		Release|Any CPU = Release|Any CPU
	EndGlobalSection
	GlobalSection(ProjectConfigurationPlatforms) = postSolution
		{554AD327-6DBA-4F8F-96F8-81CE7A0C863F}.Debug|Any CPU.ActiveCfg = Debug|Any CPU
		{554AD327-6DBA-4F8F-96F8-81CE7A0C863F}.Debug|Any CPU.Build.0 = Debug|Any CPU
		{554AD327-6DBA-4F8F-96F8-81CE7A0C863F}.Release|Any CPU.ActiveCfg = Release|Any CPU
		{554AD327-6DBA-4F8F-96F8-81CE7A0C863F}.Release|Any CPU.Build.0 = Release|Any CPU
		{16D1071F-D9E9-4DB9-8899-7A0F5880B7FF}.Debug|Any CPU.ActiveCfg = Debug|Any CPU
		{16D1071F-D9E9-4DB9-8899-7A0F5880B7FF}.Debug|Any CPU.Build.0 = Debug|Any CPU
		{16D1071F-D9E9-4DB9-8899-7A0F5880B7FF}.Release|Any CPU.ActiveCfg = Release|Any CPU
		{16D1071F-D9E9-4DB9-8899-7A0F5880B7FF}.Release|Any CPU.Build.0 = Release|Any CPU
		{7D7356D4-ACAB-46DC-B2D0-BEB3798356C0}.Debug|Any CPU.ActiveCfg = Debug|Any CPU
		{7D7356D4-ACAB-46DC-B2D0-BEB3798356C0}.Debug|Any CPU.Build.0 = Debug|Any CPU
		{7D7356D4-ACAB-46DC-B2D0-BEB3798356C0}.Release|Any CPU.ActiveCfg = Release|Any CPU
		{7D7356D4-ACAB-46DC-B2D0-BEB3798356C0}.Release|Any CPU.Build.0 = Release|Any CPU
		{B86839FA-40C0-42C8-A9A3-EE25A2D5447B}.Debug|Any CPU.ActiveCfg = Debug|Any CPU
		{B86839FA-40C0-42C8-A9A3-EE25A2D5447B}.Debug|Any CPU.Build.0 = Debug|Any CPU
		{B86839FA-40C0-42C8-A9A3-EE25A2D5447B}.Release|Any CPU.ActiveCfg = Release|Any CPU
		{B86839FA-40C0-42C8-A9A3-EE25A2D5447B}.Release|Any CPU.Build.0 = Release|Any CPU
		{27821A4A-724A-4054-BFDC-9AEA81A4D16A}.Debug|Any CPU.ActiveCfg = Debug|Any CPU
		{27821A4A-724A-4054-BFDC-9AEA81A4D16A}.Debug|Any CPU.Build.0 = Debug|Any CPU
		{27821A4A-724A-4054-BFDC-9AEA81A4D16A}.Release|Any CPU.ActiveCfg = Release|Any CPU
		{27821A4A-724A-4054-BFDC-9AEA81A4D16A}.Release|Any CPU.Build.0 = Release|Any CPU
		{702A6AA3-1D6A-4B6F-8F5C-AFEF49DD0FFF}.Debug|Any CPU.ActiveCfg = Debug|Any CPU
		{702A6AA3-1D6A-4B6F-8F5C-AFEF49DD0FFF}.Debug|Any CPU.Build.0 = Debug|Any CPU
		{702A6AA3-1D6A-4B6F-8F5C-AFEF49DD0FFF}.Release|Any CPU.ActiveCfg = Release|Any CPU
		{702A6AA3-1D6A-4B6F-8F5C-AFEF49DD0FFF}.Release|Any CPU.Build.0 = Release|Any CPU
		{98A99C56-F976-48D6-B6D0-9501F895764C}.Debug|Any CPU.ActiveCfg = Debug|Any CPU
		{98A99C56-F976-48D6-B6D0-9501F895764C}.Debug|Any CPU.Build.0 = Debug|Any CPU
		{98A99C56-F976-48D6-B6D0-9501F895764C}.Release|Any CPU.ActiveCfg = Release|Any CPU
		{98A99C56-F976-48D6-B6D0-9501F895764C}.Release|Any CPU.Build.0 = Release|Any CPU
		{AE3E14D2-7130-417C-9A35-39A14774841D}.Debug|Any CPU.ActiveCfg = Debug|Any CPU
		{AE3E14D2-7130-417C-9A35-39A14774841D}.Debug|Any CPU.Build.0 = Debug|Any CPU
		{AE3E14D2-7130-417C-9A35-39A14774841D}.Release|Any CPU.ActiveCfg = Release|Any CPU
		{AE3E14D2-7130-417C-9A35-39A14774841D}.Release|Any CPU.Build.0 = Release|Any CPU
		{B007BE3A-3C4E-4F6E-B213-4450360F50D6}.Debug|Any CPU.ActiveCfg = Debug|Any CPU
		{B007BE3A-3C4E-4F6E-B213-4450360F50D6}.Debug|Any CPU.Build.0 = Debug|Any CPU
		{B007BE3A-3C4E-4F6E-B213-4450360F50D6}.Release|Any CPU.ActiveCfg = Release|Any CPU
		{B007BE3A-3C4E-4F6E-B213-4450360F50D6}.Release|Any CPU.Build.0 = Release|Any CPU
		{9E4D204C-5AC0-47EA-99D2-E705C862381B}.Debug|Any CPU.ActiveCfg = Debug|Any CPU
		{9E4D204C-5AC0-47EA-99D2-E705C862381B}.Debug|Any CPU.Build.0 = Debug|Any CPU
		{9E4D204C-5AC0-47EA-99D2-E705C862381B}.Release|Any CPU.ActiveCfg = Release|Any CPU
		{9E4D204C-5AC0-47EA-99D2-E705C862381B}.Release|Any CPU.Build.0 = Release|Any CPU
		{289E8A2E-C830-44E1-8CB1-4E2F6ECACF2B}.Debug|Any CPU.ActiveCfg = Debug|Any CPU
		{289E8A2E-C830-44E1-8CB1-4E2F6ECACF2B}.Debug|Any CPU.Build.0 = Debug|Any CPU
		{289E8A2E-C830-44E1-8CB1-4E2F6ECACF2B}.Release|Any CPU.ActiveCfg = Release|Any CPU
		{289E8A2E-C830-44E1-8CB1-4E2F6ECACF2B}.Release|Any CPU.Build.0 = Release|Any CPU
		{6700EE65-4FF1-4A37-94FF-A337778182D4}.Debug|Any CPU.ActiveCfg = Debug|Any CPU
		{6700EE65-4FF1-4A37-94FF-A337778182D4}.Debug|Any CPU.Build.0 = Debug|Any CPU
		{6700EE65-4FF1-4A37-94FF-A337778182D4}.Release|Any CPU.ActiveCfg = Release|Any CPU
		{6700EE65-4FF1-4A37-94FF-A337778182D4}.Release|Any CPU.Build.0 = Release|Any CPU
		{9F5FC8B4-F412-4EE1-8A69-3D676CC25549}.Debug|Any CPU.ActiveCfg = Debug|Any CPU
		{9F5FC8B4-F412-4EE1-8A69-3D676CC25549}.Debug|Any CPU.Build.0 = Debug|Any CPU
		{9F5FC8B4-F412-4EE1-8A69-3D676CC25549}.Release|Any CPU.ActiveCfg = Release|Any CPU
		{9F5FC8B4-F412-4EE1-8A69-3D676CC25549}.Release|Any CPU.Build.0 = Release|Any CPU
		{4A278374-D1C9-4699-9C7A-071DB12FC65F}.Debug|Any CPU.ActiveCfg = Debug|Any CPU
		{4A278374-D1C9-4699-9C7A-071DB12FC65F}.Debug|Any CPU.Build.0 = Debug|Any CPU
		{4A278374-D1C9-4699-9C7A-071DB12FC65F}.Release|Any CPU.ActiveCfg = Release|Any CPU
		{4A278374-D1C9-4699-9C7A-071DB12FC65F}.Release|Any CPU.Build.0 = Release|Any CPU
		{41E317BB-24BE-44B1-B9B0-817E162ABB24}.Debug|Any CPU.ActiveCfg = Debug|Any CPU
		{41E317BB-24BE-44B1-B9B0-817E162ABB24}.Debug|Any CPU.Build.0 = Debug|Any CPU
		{41E317BB-24BE-44B1-B9B0-817E162ABB24}.Release|Any CPU.ActiveCfg = Release|Any CPU
		{41E317BB-24BE-44B1-B9B0-817E162ABB24}.Release|Any CPU.Build.0 = Release|Any CPU
		{E147925E-2A10-41DA-A4D2-4A8CFD5546AE}.Debug|Any CPU.ActiveCfg = Debug|Any CPU
		{E147925E-2A10-41DA-A4D2-4A8CFD5546AE}.Debug|Any CPU.Build.0 = Debug|Any CPU
		{E147925E-2A10-41DA-A4D2-4A8CFD5546AE}.Release|Any CPU.ActiveCfg = Release|Any CPU
		{E147925E-2A10-41DA-A4D2-4A8CFD5546AE}.Release|Any CPU.Build.0 = Release|Any CPU
		{157C6A2B-F0A8-4B37-BCC3-2A2BAA0E0B90}.Debug|Any CPU.ActiveCfg = Debug|Any CPU
		{157C6A2B-F0A8-4B37-BCC3-2A2BAA0E0B90}.Debug|Any CPU.Build.0 = Debug|Any CPU
		{157C6A2B-F0A8-4B37-BCC3-2A2BAA0E0B90}.Release|Any CPU.ActiveCfg = Release|Any CPU
		{157C6A2B-F0A8-4B37-BCC3-2A2BAA0E0B90}.Release|Any CPU.Build.0 = Release|Any CPU
		{8663BAD6-C44C-4B67-861A-434820ADDD5D}.Debug|Any CPU.ActiveCfg = Debug|Any CPU
		{8663BAD6-C44C-4B67-861A-434820ADDD5D}.Debug|Any CPU.Build.0 = Debug|Any CPU
		{8663BAD6-C44C-4B67-861A-434820ADDD5D}.Release|Any CPU.ActiveCfg = Release|Any CPU
		{8663BAD6-C44C-4B67-861A-434820ADDD5D}.Release|Any CPU.Build.0 = Release|Any CPU
		{83657B3B-B316-4911-B5FB-233CA553F14C}.Debug|Any CPU.ActiveCfg = Debug|Any CPU
		{83657B3B-B316-4911-B5FB-233CA553F14C}.Debug|Any CPU.Build.0 = Debug|Any CPU
		{83657B3B-B316-4911-B5FB-233CA553F14C}.Release|Any CPU.ActiveCfg = Release|Any CPU
		{83657B3B-B316-4911-B5FB-233CA553F14C}.Release|Any CPU.Build.0 = Release|Any CPU
		{1C57023E-5F78-4A58-8D97-DC5D2E95BAA2}.Debug|Any CPU.ActiveCfg = Debug|Any CPU
		{1C57023E-5F78-4A58-8D97-DC5D2E95BAA2}.Debug|Any CPU.Build.0 = Debug|Any CPU
		{1C57023E-5F78-4A58-8D97-DC5D2E95BAA2}.Release|Any CPU.ActiveCfg = Release|Any CPU
		{1C57023E-5F78-4A58-8D97-DC5D2E95BAA2}.Release|Any CPU.Build.0 = Release|Any CPU
		{F4A8A1DF-C64F-45C7-9D43-F8DBF4EA9A20}.Debug|Any CPU.ActiveCfg = Debug|Any CPU
		{F4A8A1DF-C64F-45C7-9D43-F8DBF4EA9A20}.Debug|Any CPU.Build.0 = Debug|Any CPU
		{F4A8A1DF-C64F-45C7-9D43-F8DBF4EA9A20}.Release|Any CPU.ActiveCfg = Release|Any CPU
		{F4A8A1DF-C64F-45C7-9D43-F8DBF4EA9A20}.Release|Any CPU.Build.0 = Release|Any CPU
		{99A591C4-F50F-4A34-AAE6-845514D97C55}.Debug|Any CPU.ActiveCfg = Debug|Any CPU
		{99A591C4-F50F-4A34-AAE6-845514D97C55}.Debug|Any CPU.Build.0 = Debug|Any CPU
		{99A591C4-F50F-4A34-AAE6-845514D97C55}.Release|Any CPU.ActiveCfg = Release|Any CPU
		{99A591C4-F50F-4A34-AAE6-845514D97C55}.Release|Any CPU.Build.0 = Release|Any CPU
		{E664A22B-9D04-4E64-B561-6F78B1007E3B}.Debug|Any CPU.ActiveCfg = Debug|Any CPU
		{E664A22B-9D04-4E64-B561-6F78B1007E3B}.Debug|Any CPU.Build.0 = Debug|Any CPU
		{E664A22B-9D04-4E64-B561-6F78B1007E3B}.Release|Any CPU.ActiveCfg = Release|Any CPU
		{E664A22B-9D04-4E64-B561-6F78B1007E3B}.Release|Any CPU.Build.0 = Release|Any CPU
		{4C885420-B8A4-4C69-9314-F15C4A215AFE}.Debug|Any CPU.ActiveCfg = Debug|Any CPU
		{4C885420-B8A4-4C69-9314-F15C4A215AFE}.Debug|Any CPU.Build.0 = Debug|Any CPU
		{4C885420-B8A4-4C69-9314-F15C4A215AFE}.Release|Any CPU.ActiveCfg = Release|Any CPU
		{4C885420-B8A4-4C69-9314-F15C4A215AFE}.Release|Any CPU.Build.0 = Release|Any CPU
		{0CDB0B6B-05B7-4674-B85D-927E9E9E0907}.Debug|Any CPU.ActiveCfg = Debug|Any CPU
		{0CDB0B6B-05B7-4674-B85D-927E9E9E0907}.Debug|Any CPU.Build.0 = Debug|Any CPU
		{0CDB0B6B-05B7-4674-B85D-927E9E9E0907}.Release|Any CPU.ActiveCfg = Release|Any CPU
		{0CDB0B6B-05B7-4674-B85D-927E9E9E0907}.Release|Any CPU.Build.0 = Release|Any CPU
		{BFC5D5ED-C5E7-447C-9735-42C37A24E3F5}.Debug|Any CPU.ActiveCfg = Debug|Any CPU
		{BFC5D5ED-C5E7-447C-9735-42C37A24E3F5}.Debug|Any CPU.Build.0 = Debug|Any CPU
		{BFC5D5ED-C5E7-447C-9735-42C37A24E3F5}.Release|Any CPU.ActiveCfg = Release|Any CPU
		{BFC5D5ED-C5E7-447C-9735-42C37A24E3F5}.Release|Any CPU.Build.0 = Release|Any CPU
		{09C6BE99-B8EA-436F-8277-D52D57A59820}.Debug|Any CPU.ActiveCfg = Debug|Any CPU
		{09C6BE99-B8EA-436F-8277-D52D57A59820}.Debug|Any CPU.Build.0 = Debug|Any CPU
		{09C6BE99-B8EA-436F-8277-D52D57A59820}.Release|Any CPU.ActiveCfg = Release|Any CPU
		{09C6BE99-B8EA-436F-8277-D52D57A59820}.Release|Any CPU.Build.0 = Release|Any CPU
		{FD530562-DADC-400A-94DA-6940F4847BF1}.Debug|Any CPU.ActiveCfg = Debug|Any CPU
		{FD530562-DADC-400A-94DA-6940F4847BF1}.Debug|Any CPU.Build.0 = Debug|Any CPU
		{FD530562-DADC-400A-94DA-6940F4847BF1}.Release|Any CPU.ActiveCfg = Release|Any CPU
		{FD530562-DADC-400A-94DA-6940F4847BF1}.Release|Any CPU.Build.0 = Release|Any CPU
		{DDB831B3-F900-4E94-B591-DAA8AE982423}.Debug|Any CPU.ActiveCfg = Debug|Any CPU
		{DDB831B3-F900-4E94-B591-DAA8AE982423}.Debug|Any CPU.Build.0 = Debug|Any CPU
		{DDB831B3-F900-4E94-B591-DAA8AE982423}.Release|Any CPU.ActiveCfg = Release|Any CPU
		{DDB831B3-F900-4E94-B591-DAA8AE982423}.Release|Any CPU.Build.0 = Release|Any CPU
		{1A94A50E-06DC-43C1-80B5-B662820EC3EB}.Debug|Any CPU.ActiveCfg = Debug|Any CPU
		{1A94A50E-06DC-43C1-80B5-B662820EC3EB}.Debug|Any CPU.Build.0 = Debug|Any CPU
		{1A94A50E-06DC-43C1-80B5-B662820EC3EB}.Release|Any CPU.ActiveCfg = Release|Any CPU
		{1A94A50E-06DC-43C1-80B5-B662820EC3EB}.Release|Any CPU.Build.0 = Release|Any CPU
		{C956DD76-69C8-4A9C-83EA-D17DF83340FD}.Debug|Any CPU.ActiveCfg = Debug|Any CPU
		{C956DD76-69C8-4A9C-83EA-D17DF83340FD}.Debug|Any CPU.Build.0 = Debug|Any CPU
		{C956DD76-69C8-4A9C-83EA-D17DF83340FD}.Release|Any CPU.ActiveCfg = Release|Any CPU
		{C956DD76-69C8-4A9C-83EA-D17DF83340FD}.Release|Any CPU.Build.0 = Release|Any CPU
		{068855E8-9240-4F1A-910B-CF825794513B}.Debug|Any CPU.ActiveCfg = Debug|Any CPU
		{068855E8-9240-4F1A-910B-CF825794513B}.Debug|Any CPU.Build.0 = Debug|Any CPU
		{068855E8-9240-4F1A-910B-CF825794513B}.Release|Any CPU.ActiveCfg = Release|Any CPU
		{068855E8-9240-4F1A-910B-CF825794513B}.Release|Any CPU.Build.0 = Release|Any CPU
		{42F719ED-8413-4895-B5B4-5AB56079BC66}.Debug|Any CPU.ActiveCfg = Debug|Any CPU
		{42F719ED-8413-4895-B5B4-5AB56079BC66}.Debug|Any CPU.Build.0 = Debug|Any CPU
		{42F719ED-8413-4895-B5B4-5AB56079BC66}.Release|Any CPU.ActiveCfg = Release|Any CPU
		{42F719ED-8413-4895-B5B4-5AB56079BC66}.Release|Any CPU.Build.0 = Release|Any CPU
		{520659C8-C734-4298-A3DA-B539DB9DFC0B}.Debug|Any CPU.ActiveCfg = Debug|Any CPU
		{520659C8-C734-4298-A3DA-B539DB9DFC0B}.Debug|Any CPU.Build.0 = Debug|Any CPU
		{520659C8-C734-4298-A3DA-B539DB9DFC0B}.Release|Any CPU.ActiveCfg = Release|Any CPU
		{520659C8-C734-4298-A3DA-B539DB9DFC0B}.Release|Any CPU.Build.0 = Release|Any CPU
		{4164BDF7-F527-4E85-9CE6-E3C2D7426A27}.Debug|Any CPU.ActiveCfg = Debug|Any CPU
		{4164BDF7-F527-4E85-9CE6-E3C2D7426A27}.Debug|Any CPU.Build.0 = Debug|Any CPU
		{4164BDF7-F527-4E85-9CE6-E3C2D7426A27}.Release|Any CPU.ActiveCfg = Release|Any CPU
		{4164BDF7-F527-4E85-9CE6-E3C2D7426A27}.Release|Any CPU.Build.0 = Release|Any CPU
		{3B5A0094-670D-4BB1-BFDD-61B88A8773DC}.Debug|Any CPU.ActiveCfg = Debug|Any CPU
		{3B5A0094-670D-4BB1-BFDD-61B88A8773DC}.Debug|Any CPU.Build.0 = Debug|Any CPU
		{3B5A0094-670D-4BB1-BFDD-61B88A8773DC}.Release|Any CPU.ActiveCfg = Release|Any CPU
		{3B5A0094-670D-4BB1-BFDD-61B88A8773DC}.Release|Any CPU.Build.0 = Release|Any CPU
		{AA94D832-1CCC-4715-95A9-A483F23A1A5D}.Debug|Any CPU.ActiveCfg = Debug|Any CPU
		{AA94D832-1CCC-4715-95A9-A483F23A1A5D}.Debug|Any CPU.Build.0 = Debug|Any CPU
		{AA94D832-1CCC-4715-95A9-A483F23A1A5D}.Release|Any CPU.ActiveCfg = Release|Any CPU
		{AA94D832-1CCC-4715-95A9-A483F23A1A5D}.Release|Any CPU.Build.0 = Release|Any CPU
		{A5DED84C-F3FD-4BFA-99A9-C3642A900358}.Debug|Any CPU.ActiveCfg = Debug|Any CPU
		{A5DED84C-F3FD-4BFA-99A9-C3642A900358}.Debug|Any CPU.Build.0 = Debug|Any CPU
		{A5DED84C-F3FD-4BFA-99A9-C3642A900358}.Release|Any CPU.ActiveCfg = Release|Any CPU
		{A5DED84C-F3FD-4BFA-99A9-C3642A900358}.Release|Any CPU.Build.0 = Release|Any CPU
	EndGlobalSection
	GlobalSection(SolutionProperties) = preSolution
		HideSolutionNode = FALSE
	EndGlobalSection
	GlobalSection(NestedProjects) = preSolution
		{554AD327-6DBA-4F8F-96F8-81CE7A0C863F} = {CA9AC87F-097E-4F15-8393-4BC07735A5B0}
		{16D1071F-D9E9-4DB9-8899-7A0F5880B7FF} = {D02D35CE-4D18-415F-8F39-A7D22E58C353}
		{7D7356D4-ACAB-46DC-B2D0-BEB3798356C0} = {D02D35CE-4D18-415F-8F39-A7D22E58C353}
		{B86839FA-40C0-42C8-A9A3-EE25A2D5447B} = {D02D35CE-4D18-415F-8F39-A7D22E58C353}
		{27821A4A-724A-4054-BFDC-9AEA81A4D16A} = {D02D35CE-4D18-415F-8F39-A7D22E58C353}
		{702A6AA3-1D6A-4B6F-8F5C-AFEF49DD0FFF} = {D02D35CE-4D18-415F-8F39-A7D22E58C353}
		{98A99C56-F976-48D6-B6D0-9501F895764C} = {E69A2810-CA99-456C-8036-5D911FFB3D85}
		{AE3E14D2-7130-417C-9A35-39A14774841D} = {6CC4A46A-7A38-4121-8A73-DA1924AF13EF}
		{B007BE3A-3C4E-4F6E-B213-4450360F50D6} = {6CC4A46A-7A38-4121-8A73-DA1924AF13EF}
		{9E4D204C-5AC0-47EA-99D2-E705C862381B} = {6CC4A46A-7A38-4121-8A73-DA1924AF13EF}
		{289E8A2E-C830-44E1-8CB1-4E2F6ECACF2B} = {6CC4A46A-7A38-4121-8A73-DA1924AF13EF}
		{6700EE65-4FF1-4A37-94FF-A337778182D4} = {6CC4A46A-7A38-4121-8A73-DA1924AF13EF}
		{9F5FC8B4-F412-4EE1-8A69-3D676CC25549} = {E69A2810-CA99-456C-8036-5D911FFB3D85}
		{4A278374-D1C9-4699-9C7A-071DB12FC65F} = {E69A2810-CA99-456C-8036-5D911FFB3D85}
		{41E317BB-24BE-44B1-B9B0-817E162ABB24} = {D34B8FD0-A88E-4B21-BCB0-BA0846DDD474}
		{E147925E-2A10-41DA-A4D2-4A8CFD5546AE} = {D34B8FD0-A88E-4B21-BCB0-BA0846DDD474}
		{157C6A2B-F0A8-4B37-BCC3-2A2BAA0E0B90} = {D34B8FD0-A88E-4B21-BCB0-BA0846DDD474}
		{8663BAD6-C44C-4B67-861A-434820ADDD5D} = {D34B8FD0-A88E-4B21-BCB0-BA0846DDD474}
		{83657B3B-B316-4911-B5FB-233CA553F14C} = {D34B8FD0-A88E-4B21-BCB0-BA0846DDD474}
		{1C57023E-5F78-4A58-8D97-DC5D2E95BAA2} = {D34B8FD0-A88E-4B21-BCB0-BA0846DDD474}
		{F4A8A1DF-C64F-45C7-9D43-F8DBF4EA9A20} = {D34B8FD0-A88E-4B21-BCB0-BA0846DDD474}
		{99A591C4-F50F-4A34-AAE6-845514D97C55} = {D34B8FD0-A88E-4B21-BCB0-BA0846DDD474}
		{E664A22B-9D04-4E64-B561-6F78B1007E3B} = {E69A2810-CA99-456C-8036-5D911FFB3D85}
		{4C885420-B8A4-4C69-9314-F15C4A215AFE} = {E69A2810-CA99-456C-8036-5D911FFB3D85}
		{0CDB0B6B-05B7-4674-B85D-927E9E9E0907} = {D8F5CB58-072F-41DC-81BF-1290D57784BD}
		{BFC5D5ED-C5E7-447C-9735-42C37A24E3F5} = {D8F5CB58-072F-41DC-81BF-1290D57784BD}
		{09C6BE99-B8EA-436F-8277-D52D57A59820} = {D8F5CB58-072F-41DC-81BF-1290D57784BD}
		{FD530562-DADC-400A-94DA-6940F4847BF1} = {D8F5CB58-072F-41DC-81BF-1290D57784BD}
		{DDB831B3-F900-4E94-B591-DAA8AE982423} = {D8F5CB58-072F-41DC-81BF-1290D57784BD}
		{D02D35CE-4D18-415F-8F39-A7D22E58C353} = {2EF15641-61EB-48A3-8FAD-928F269BC72C}
		{DB959388-6019-4A6D-8DB7-AC255AC50043} = {8C628DF4-13B8-4B05-9440-6C65345B7541}
		{1A94A50E-06DC-43C1-80B5-B662820EC3EB} = {CA9AC87F-097E-4F15-8393-4BC07735A5B0}
		{C956DD76-69C8-4A9C-83EA-D17DF83340FD} = {CA9AC87F-097E-4F15-8393-4BC07735A5B0}
		{068855E8-9240-4F1A-910B-CF825794513B} = {CA9AC87F-097E-4F15-8393-4BC07735A5B0}
		{42F719ED-8413-4895-B5B4-5AB56079BC66} = {CA9AC87F-097E-4F15-8393-4BC07735A5B0}
		{520659C8-C734-4298-A3DA-B539DB9DFC0B} = {CA9AC87F-097E-4F15-8393-4BC07735A5B0}
		{4164BDF7-F527-4E85-9CE6-E3C2D7426A27} = {CA9AC87F-097E-4F15-8393-4BC07735A5B0}
		{3B5A0094-670D-4BB1-BFDD-61B88A8773DC} = {CA9AC87F-097E-4F15-8393-4BC07735A5B0}
		{AA94D832-1CCC-4715-95A9-A483F23A1A5D} = {CA9AC87F-097E-4F15-8393-4BC07735A5B0}
		{A5DED84C-F3FD-4BFA-99A9-C3642A900358} = {CA9AC87F-097E-4F15-8393-4BC07735A5B0}
		{D8F5CB58-072F-41DC-81BF-1290D57784BD} = {DB959388-6019-4A6D-8DB7-AC255AC50043}
		{D34B8FD0-A88E-4B21-BCB0-BA0846DDD474} = {DB959388-6019-4A6D-8DB7-AC255AC50043}
		{6CC4A46A-7A38-4121-8A73-DA1924AF13EF} = {DB959388-6019-4A6D-8DB7-AC255AC50043}
		{E69A2810-CA99-456C-8036-5D911FFB3D85} = {DB959388-6019-4A6D-8DB7-AC255AC50043}
	EndGlobalSection
	GlobalSection(ExtensibilityGlobals) = postSolution
		SolutionGuid = {28315BFD-90E7-4E14-A2EA-F3D23AF4126F}
	EndGlobalSection
EndGlobal
